
Microsoft Visual Studio Solution File, Format Version 12.00
# Visual Studio Version 16
VisualStudioVersion = 16.0.30309.148
MinimumVisualStudioVersion = 10.0.40219.1
Project("{FAE04EC0-301F-11D3-BF4B-00C04F79EFBC}") = "GuessMyNumberGame", "GuessMyNumberGame\GuessMyNumberGame.csproj", "{CF49FF7B-2D30-4172-901D-AAD3E7547603}"
EndProject
Global
	GlobalSection(SolutionConfigurationPlatforms) = preSolution
		Debug|Any CPU = Debug|Any CPU
		Release|Any CPU = Release|Any CPU
	EndGlobalSection
	GlobalSection(ProjectConfigurationPlatforms) = postSolution
		{CF49FF7B-2D30-4172-901D-AAD3E7547603}.Debug|Any CPU.ActiveCfg = Debug|Any CPU
		{CF49FF7B-2D30-4172-901D-AAD3E7547603}.Debug|Any CPU.Build.0 = Debug|Any CPU
		{CF49FF7B-2D30-4172-901D-AAD3E7547603}.Release|Any CPU.ActiveCfg = Release|Any CPU
		{CF49FF7B-2D30-4172-901D-AAD3E7547603}.Release|Any CPU.Build.0 = Release|Any CPU
	EndGlobalSection
	GlobalSection(SolutionProperties) = preSolution
		HideSolutionNode = FALSE
	EndGlobalSection
	GlobalSection(ExtensibilityGlobals) = postSolution
		SolutionGuid = {27294F03-395E-4A48-A0B0-7A24928A6CCB}
	EndGlobalSection
EndGlobal
